<Solution>
  <Folder Name="/Services/" />
  <Folder Name="/Services/Fokus/">
    <Project Path="Services/Fokus/Fokus.API/Fokus.API.csproj" />
    <Project Path="Services/Fokus/Fokus.Domain/Fokus.Domain.csproj" />
    <Project Path="Services/Fokus/Fokus.Persistence/Fokus.Persistence.csproj" />
  </Folder>
</Solution>
